// !$*UTF8*$!
{
	archiveVersion = 1;
	classes = {
	};
	objectVersion = 46;
	objects = {

/* Begin PBXBuildFile section */
		5307BA611C4D697B0026910C /* main.m in Sources */ = {isa = PBXBuildFile; fileRef = 5307BA601C4D697B0026910C /* main.m */; };
		5307BA641C4D697B0026910C /* VTEAppDelegate.m in Sources */ = {isa = PBXBuildFile; fileRef = 5307BA631C4D697B0026910C /* VTEAppDelegate.m */; };
		5307BA671C4D697B0026910C /* VTEViewController.m in Sources */ = {isa = PBXBuildFile; fileRef = 5307BA661C4D697B0026910C /* VTEViewController.m */; };
		5307BA6A1C4D697B0026910C /* Main.storyboard in Resources */ = {isa = PBXBuildFile; fileRef = 5307BA681C4D697B0026910C /* Main.storyboard */; };
		5307BA6C1C4D697B0026910C /* Assets.xcassets in Resources */ = {isa = PBXBuildFile; fileRef = 5307BA6B1C4D697B0026910C /* Assets.xcassets */; };
		5307BA6F1C4D697B0026910C /* LaunchScreen.storyboard in Resources */ = {isa = PBXBuildFile; fileRef = 5307BA6D1C4D697B0026910C /* LaunchScreen.storyboard */; };
		5307BA7A1C4D697B0026910C /* ViewTouchEventTests.m in Sources */ = {isa = PBXBuildFile; fileRef = 5307BA791C4D697B0026910C /* ViewTouchEventTests.m */; };
/* End PBXBuildFile section */

/* Begin PBXContainerItemProxy section */
		5307BA761C4D697B0026910C /* PBXContainerItemProxy */ = {
			isa = PBXContainerItemProxy;
			containerPortal = 5307BA541C4D697B0026910C /* Project object */;
			proxyType = 1;
			remoteGlobalIDString = 5307BA5B1C4D697B0026910C;
			remoteInfo = ViewTouchEvent;
		};
/* End PBXContainerItemProxy section */

/* Begin PBXFileReference section */
		5307BA5C1C4D697B0026910C /* ViewTouchEvent.app */ = {isa = PBXFileReference; explicitFileType = wrapper.application; includeInIndex = 0; path = ViewTouchEvent.app; sourceTree = BUILT_PRODUCTS_DIR; };
		5307BA601C4D697B0026910C /* main.m */ = {isa = PBXFileReference; lastKnownFileType = sourcecode.c.objc; path = main.m; sourceTree = "<group>"; };
		5307BA621C4D697B0026910C /* VTEAppDelegate.h */ = {isa = PBXFileReference; lastKnownFileType = sourcecode.c.h; path = VTEAppDelegate.h; sourceTree = "<group>"; };
		5307BA631C4D697B0026910C /* VTEAppDelegate.m */ = {isa = PBXFileReference; lastKnownFileType = sourcecode.c.objc; path = VTEAppDelegate.m; sourceTree = "<group>"; };
		5307BA651C4D697B0026910C /* VTEViewController.h */ = {isa = PBXFileReference; lastKnownFileType = sourcecode.c.h; path = VTEViewController.h; sourceTree = "<group>"; };
		5307BA661C4D697B0026910C /* VTEViewController.m */ = {isa = PBXFileReference; lastKnownFileType = sourcecode.c.objc; path = VTEViewController.m; sourceTree = "<group>"; };
		5307BA691C4D697B0026910C /* Base */ = {isa = PBXFileReference; lastKnownFileType = file.storyboard; name = Base; path = Base.lproj/Main.storyboard; sourceTree = "<group>"; };
		5307BA6B1C4D697B0026910C /* Assets.xcassets */ = {isa = PBXFileReference; lastKnownFileType = folder.assetcatalog; path = Assets.xcassets; sourceTree = "<group>"; };
		5307BA6E1C4D697B0026910C /* Base */ = {isa = PBXFileReference; lastKnownFileType = file.storyboard; name = Base; path = Base.lproj/LaunchScreen.storyboard; sourceTree = "<group>"; };
		5307BA701C4D697B0026910C /* Info.plist */ = {isa = PBXFileReference; lastKnownFileType = text.plist.xml; path = Info.plist; sourceTree = "<group>"; };
		5307BA751C4D697B0026910C /* ViewTouchEventTests.xctest */ = {isa = PBXFileReference; explicitFileType = wrapper.cfbundle; includeInIndex = 0; path = ViewTouchEventTests.xctest; sourceTree = BUILT_PRODUCTS_DIR; };
		5307BA791C4D697B0026910C /* ViewTouchEventTests.m */ = {isa = PBXFileReference; lastKnownFileType = sourcecode.c.objc; path = ViewTouchEventTests.m; sourceTree = "<group>"; };
		5307BA7B1C4D697B0026910C /* Info.plist */ = {isa = PBXFileReference; lastKnownFileType = text.plist.xml; path = Info.plist; sourceTree = "<group>"; };
/* End PBXFileReference section */

/* Begin PBXFrameworksBuildPhase section */
		5307BA591C4D697B0026910C /* Frameworks */ = {
			isa = PBXFrameworksBuildPhase;
			buildActionMask = 2147483647;
			files = (
			);
			runOnlyForDeploymentPostprocessing = 0;
		};
		5307BA721C4D697B0026910C /* Frameworks */ = {
			isa = PBXFrameworksBuildPhase;
			buildActionMask = 2147483647;
			files = (
			);
			runOnlyForDeploymentPostprocessing = 0;
		};
/* End PBXFrameworksBuildPhase section */

/* Begin PBXGroup section */
		5307BA531C4D697B0026910C = {
			isa = PBXGroup;
			children = (
				5307BA5E1C4D697B0026910C /* ViewTouchEvent */,
				5307BA781C4D697B0026910C /* ViewTouchEventTests */,
				5307BA5D1C4D697B0026910C /* Products */,
			);
			sourceTree = "<group>";
		};
		5307BA5D1C4D697B0026910C /* Products */ = {
			isa = PBXGroup;
			children = (
				5307BA5C1C4D697B0026910C /* ViewTouchEvent.app */,
				5307BA751C4D697B0026910C /* ViewTouchEventTests.xctest */,
			);
			name = Products;
			sourceTree = "<group>";
		};
		5307BA5E1C4D697B0026910C /* ViewTouchEvent */ = {
			isa = PBXGroup;
			children = (
				5307BA861C4D69D60026910C /* Views */,
				5307BA851C4D69C70026910C /* Commons */,
				5307BA841C4D69B00026910C /* Controllers */,
				5307BA6B1C4D697B0026910C /* Assets.xcassets */,
				5307BA6D1C4D697B0026910C /* LaunchScreen.storyboard */,
				5307BA701C4D697B0026910C /* Info.plist */,
				5307BA5F1C4D697B0026910C /* Supporting Files */,
			);
			path = ViewTouchEvent;
			sourceTree = "<group>";
		};
		5307BA5F1C4D697B0026910C /* Supporting Files */ = {
			isa = PBXGroup;
			children = (
				5307BA601C4D697B0026910C /* main.m */,
			);
			name = "Supporting Files";
			sourceTree = "<group>";
		};
		5307BA781C4D697B0026910C /* ViewTouchEventTests */ = {
			isa = PBXGroup;
			children = (
				5307BA791C4D697B0026910C /* ViewTouchEventTests.m */,
				5307BA7B1C4D697B0026910C /* Info.plist */,
			);
			path = ViewTouchEventTests;
			sourceTree = "<group>";
		};
		5307BA841C4D69B00026910C /* Controllers */ = {
			isa = PBXGroup;
			children = (
				5307BA651C4D697B0026910C /* VTEViewController.h */,
				5307BA661C4D697B0026910C /* VTEViewController.m */,
			);
			name = Controllers;
			sourceTree = "<group>";
		};
		5307BA851C4D69C70026910C /* Commons */ = {
			isa = PBXGroup;
			children = (
				5307BA621C4D697B0026910C /* VTEAppDelegate.h */,
				5307BA631C4D697B0026910C /* VTEAppDelegate.m */,
			);
			name = Commons;
			sourceTree = "<group>";
		};
		5307BA861C4D69D60026910C /* Views */ = {
			isa = PBXGroup;
			children = (
				5307BA681C4D697B0026910C /* Main.storyboard */,
			);
			name = Views;
			sourceTree = "<group>";
		};
/* End PBXGroup section */

/* Begin PBXNativeTarget section */
		5307BA5B1C4D697B0026910C /* ViewTouchEvent */ = {
			isa = PBXNativeTarget;
			buildConfigurationList = 5307BA7E1C4D697B0026910C /* Build configuration list for PBXNativeTarget "ViewTouchEvent" */;
			buildPhases = (
				5307BA581C4D697B0026910C /* Sources */,
				5307BA591C4D697B0026910C /* Frameworks */,
				5307BA5A1C4D697B0026910C /* Resources */,
			);
			buildRules = (
			);
			dependencies = (
			);
			name = ViewTouchEvent;
			productName = ViewTouchEvent;
			productReference = 5307BA5C1C4D697B0026910C /* ViewTouchEvent.app */;
			productType = "com.apple.product-type.application";
		};
		5307BA741C4D697B0026910C /* ViewTouchEventTests */ = {
			isa = PBXNativeTarget;
			buildConfigurationList = 5307BA811C4D697B0026910C /* Build configuration list for PBXNativeTarget "ViewTouchEventTests" */;
			buildPhases = (
				5307BA711C4D697B0026910C /* Sources */,
				5307BA721C4D697B0026910C /* Frameworks */,
				5307BA731C4D697B0026910C /* Resources */,
			);
			buildRules = (
			);
			dependencies = (
				5307BA771C4D697B0026910C /* PBXTargetDependency */,
			);
			name = ViewTouchEventTests;
			productName = ViewTouchEventTests;
			productReference = 5307BA751C4D697B0026910C /* ViewTouchEventTests.xctest */;
			productType = "com.apple.product-type.bundle.unit-test";
		};
/* End PBXNativeTarget section */

/* Begin PBXProject section */
		5307BA541C4D697B0026910C /* Project object */ = {
			isa = PBXProject;
			attributes = {
				CLASSPREFIX = VTE;
				LastUpgradeCheck = 0720;
				ORGANIZATIONNAME = "Data Empire";
				TargetAttributes = {
					5307BA5B1C4D697B0026910C = {
						CreatedOnToolsVersion = 7.2;
						DevelopmentTeam = LQ5WW9469F;
					};
					5307BA741C4D697B0026910C = {
						CreatedOnToolsVersion = 7.2;
						DevelopmentTeam = LQ5WW9469F;
						TestTargetID = 5307BA5B1C4D697B0026910C;
					};
				};
			};
			buildConfigurationList = 5307BA571C4D697B0026910C /* Build configuration list for PBXProject "ViewTouchEvent" */;
			compatibilityVersion = "Xcode 3.2";
			developmentRegion = English;
			hasScannedForEncodings = 0;
			knownRegions = (
				en,
				Base,
			);
			mainGroup = 5307BA531C4D697B0026910C;
			productRefGroup = 5307BA5D1C4D697B0026910C /* Products */;
			projectDirPath = "";
			projectRoot = "";
			targets = (
				5307BA5B1C4D697B0026910C /* ViewTouchEvent */,
				5307BA741C4D697B0026910C /* ViewTouchEventTests */,
			);
		};
/* End PBXProject section */

/* Begin PBXResourcesBuildPhase section */
		5307BA5A1C4D697B0026910C /* Resources */ = {
			isa = PBXResourcesBuildPhase;
			buildActionMask = 2147483647;
			files = (
				5307BA6F1C4D697B0026910C /* LaunchScreen.storyboard in Resources */,
				5307BA6C1C4D697B0026910C /* Assets.xcassets in Resources */,
				5307BA6A1C4D697B0026910C /* Main.storyboard in Resources */,
			);
			runOnlyForDeploymentPostprocessing = 0;
		};
		5307BA731C4D697B0026910C /* Resources */ = {
			isa = PBXResourcesBuildPhase;
			buildActionMask = 2147483647;
			files = (
			);
			runOnlyForDeploymentPostprocessing = 0;
		};
/* End PBXResourcesBuildPhase section */

/* Begin PBXSourcesBuildPhase section */
		5307BA581C4D697B0026910C /* Sources */ = {
			isa = PBXSourcesBuildPhase;
			buildActionMask = 2147483647;
			files = (
				5307BA671C4D697B0026910C /* VTEViewController.m in Sources */,
				5307BA641C4D697B0026910C /* VTEAppDelegate.m in Sources */,
				5307BA611C4D697B0026910C /* main.m in Sources */,
			);
			runOnlyForDeploymentPostprocessing = 0;
		};
		5307BA711C4D697B0026910C /* Sources */ = {
			isa = PBXSourcesBuildPhase;
			buildActionMask = 2147483647;
			files = (
				5307BA7A1C4D697B0026910C /* ViewTouchEventTests.m in Sources */,
			);
			runOnlyForDeploymentPostprocessing = 0;
		};
/* End PBXSourcesBuildPhase section */

/* Begin PBXTargetDependency section */
		5307BA771C4D697B0026910C /* PBXTargetDependency */ = {
			isa = PBXTargetDependency;
			target = 5307BA5B1C4D697B0026910C /* ViewTouchEvent */;
			targetProxy = 5307BA761C4D697B0026910C /* PBXContainerItemProxy */;
		};
/* End PBXTargetDependency section */

/* Begin PBXVariantGroup section */
		5307BA681C4D697B0026910C /* Main.storyboard */ = {
			isa = PBXVariantGroup;
			children = (
				5307BA691C4D697B0026910C /* Base */,
			);
			name = Main.storyboard;
			sourceTree = "<group>";
		};
		5307BA6D1C4D697B0026910C /* LaunchScreen.storyboard */ = {
			isa = PBXVariantGroup;
			children = (
				5307BA6E1C4D697B0026910C /* Base */,
			);
			name = LaunchScreen.storyboard;
			sourceTree = "<group>";
		};
/* End PBXVariantGroup section */

/* Begin XCBuildConfiguration section */
		5307BA7C1C4D697B0026910C /* Debug */ = {
			isa = XCBuildConfiguration;
			buildSettings = {
				ALWAYS_SEARCH_USER_PATHS = NO;
				CLANG_CXX_LANGUAGE_STANDARD = "gnu++0x";
				CLANG_CXX_LIBRARY = "libc++";
				CLANG_ENABLE_MODULES = YES;
				CLANG_ENABLE_OBJC_ARC = YES;
				CLANG_WARN_BOOL_CONVERSION = YES;
				CLANG_WARN_CONSTANT_CONVERSION = YES;
				CLANG_WARN_DIRECT_OBJC_ISA_USAGE = YES_ERROR;
				CLANG_WARN_EMPTY_BODY = YES;
				CLANG_WARN_ENUM_CONVERSION = YES;
				CLANG_WARN_INT_CONVERSION = YES;
				CLANG_WARN_OBJC_ROOT_CLASS = YES_ERROR;
				CLANG_WARN_UNREACHABLE_CODE = YES;
				CLANG_WARN__DUPLICATE_METHOD_MATCH = YES;
				"CODE_SIGN_IDENTITY[sdk=iphoneos*]" = "iPhone Developer";
				COPY_PHASE_STRIP = NO;
				DEBUG_INFORMATION_FORMAT = dwarf;
				ENABLE_STRICT_OBJC_MSGSEND = YES;
				ENABLE_TESTABILITY = YES;
				GCC_C_LANGUAGE_STANDARD = gnu99;
				GCC_DYNAMIC_NO_PIC = NO;
				GCC_NO_COMMON_BLOCKS = YES;
				GCC_OPTIMIZATION_LEVEL = 0;
				GCC_PREPROCESSOR_DEFINITIONS = (
					"DEBUG=1",
					"$(inherited)",
				);
				GCC_WARN_64_TO_32_BIT_CONVERSION = YES;
				GCC_WARN_ABOUT_RETURN_TYPE = YES_ERROR;
				GCC_WARN_UNDECLARED_SELECTOR = YES;
				GCC_WARN_UNINITIALIZED_AUTOS = YES_AGGRESSIVE;
				GCC_WARN_UNUSED_FUNCTION = YES;
				GCC_WARN_UNUSED_VARIABLE = YES;
				IPHONEOS_DEPLOYMENT_TARGET = 9.2;
				MTL_ENABLE_DEBUG_INFO = YES;
				ONLY_ACTIVE_ARCH = YES;
				SDKROOT = iphoneos;
				TARGETED_DEVICE_FAMILY = "1,2";
			};
			name = Debug;
		};
		5307BA7D1C4D697B0026910C /* Release */ = {
			isa = XCBuildConfiguration;
			buildSettings = {
				ALWAYS_SEARCH_USER_PATHS = NO;
				CLANG_CXX_LANGUAGE_STANDARD = "gnu++0x";
				CLANG_CXX_LIBRARY = "libc++";
				CLANG_ENABLE_MODULES = YES;
				CLANG_ENABLE_OBJC_ARC = YES;
				CLANG_WARN_BOOL_CONVERSION = YES;
				CLANG_WARN_CONSTANT_CONVERSION = YES;
				CLANG_WARN_DIRECT_OBJC_ISA_USAGE = YES_ERROR;
				CLANG_WARN_EMPTY_BODY = YES;
				CLANG_WARN_ENUM_CONVERSION = YES;
				CLANG_WARN_INT_CONVERSION = YES;
				CLANG_WARN_OBJC_ROOT_CLASS = YES_ERROR;
				CLANG_WARN_UNREACHABLE_CODE = YES;
				CLANG_WARN__DUPLICATE_METHOD_MATCH = YES;
				"CODE_SIGN_IDENTITY[sdk=iphoneos*]" = "iPhone Developer";
				COPY_PHASE_STRIP = NO;
				DEBUG_INFORMATION_FORMAT = "dwarf-with-dsym";
				ENABLE_NS_ASSERTIONS = NO;
				ENABLE_STRICT_OBJC_MSGSEND = YES;
				GCC_C_LANGUAGE_STANDARD = gnu99;
				GCC_NO_COMMON_BLOCKS = YES;
				GCC_WARN_64_TO_32_BIT_CONVERSION = YES;
				GCC_WARN_ABOUT_RETURN_TYPE = YES_ERROR;
				GCC_WARN_UNDECLARED_SELECTOR = YES;
				GCC_WARN_UNINITIALIZED_AUTOS = YES_AGGRESSIVE;
				GCC_WARN_UNUSED_FUNCTION = YES;
				GCC_WARN_UNUSED_VARIABLE = YES;
				IPHONEOS_DEPLOYMENT_TARGET = 9.2;
				MTL_ENABLE_DEBUG_INFO = NO;
				SDKROOT = iphoneos;
				TARGETED_DEVICE_FAMILY = "1,2";
				VALIDATE_PRODUCT = YES;
			};
			name = Release;
		};
		5307BA7F1C4D697B0026910C /* Debug */ = {
			isa = XCBuildConfiguration;
			buildSettings = {
				ASSETCATALOG_COMPILER_APPICON_NAME = AppIcon;
				INFOPLIST_FILE = ViewTouchEvent/Info.plist;
				LD_RUNPATH_SEARCH_PATHS = "$(inherited) @executable_path/Frameworks";
				PRODUCT_BUNDLE_IDENTIFIER = "info.data-empire.ViewTouchEvent";
				PRODUCT_NAME = "$(TARGET_NAME)";
			};
			name = Debug;
		};
		5307BA801C4D697B0026910C /* Release */ = {
			isa = XCBuildConfiguration;
			buildSettings = {
				ASSETCATALOG_COMPILER_APPICON_NAME = AppIcon;
				INFOPLIST_FILE = ViewTouchEvent/Info.plist;
				LD_RUNPATH_SEARCH_PATHS = "$(inherited) @executable_path/Frameworks";
				PRODUCT_BUNDLE_IDENTIFIER = "info.data-empire.ViewTouchEvent";
				PRODUCT_NAME = "$(TARGET_NAME)";
			};
			name = Release;
		};
		5307BA821C4D697B0026910C /* Debug */ = {
			isa = XCBuildConfiguration;
			buildSettings = {
				BUNDLE_LOADER = "$(TEST_HOST)";
				INFOPLIST_FILE = ViewTouchEventTests/Info.plist;
				LD_RUNPATH_SEARCH_PATHS = "$(inherited) @executable_path/Frameworks @loader_path/Frameworks";
				PRODUCT_BUNDLE_IDENTIFIER = "info.data-empire.ViewTouchEventTests";
				PRODUCT_NAME = "$(TARGET_NAME)";
				TEST_HOST = "$(BUILT_PRODUCTS_DIR)/ViewTouchEvent.app/ViewTouchEvent";
			};
			name = Debug;
		};
		5307BA831C4D697B0026910C /* Release */ = {
			isa = XCBuildConfiguration;
			buildSettings = {
				BUNDLE_LOADER = "$(TEST_HOST)";
				INFOPLIST_FILE = ViewTouchEventTests/Info.plist;
				LD_RUNPATH_SEARCH_PATHS = "$(inherited) @executable_path/Frameworks @loader_path/Frameworks";
				PRODUCT_BUNDLE_IDENTIFIER = "info.data-empire.ViewTouchEventTests";
				PRODUCT_NAME = "$(TARGET_NAME)";
				TEST_HOST = "$(BUILT_PRODUCTS_DIR)/ViewTouchEvent.app/ViewTouchEvent";
			};
			name = Release;
		};
/* End XCBuildConfiguration section */

/* Begin XCConfigurationList section */
		5307BA571C4D697B0026910C /* Build configuration list for PBXProject "ViewTouchEvent" */ = {
			isa = XCConfigurationList;
			buildConfigurations = (
				5307BA7C1C4D697B0026910C /* Debug */,
				5307BA7D1C4D697B0026910C /* Release */,
			);
			defaultConfigurationIsVisible = 0;
			defaultConfigurationName = Release;
		};
		5307BA7E1C4D697B0026910C /* Build configuration list for PBXNativeTarget "ViewTouchEvent" */ = {
			isa = XCConfigurationList;
			buildConfigurations = (
				5307BA7F1C4D697B0026910C /* Debug */,
				5307BA801C4D697B0026910C /* Release */,
			);
			defaultConfigurationIsVisible = 0;
		};
		5307BA811C4D697B0026910C /* Build configuration list for PBXNativeTarget "ViewTouchEventTests" */ = {
			isa = XCConfigurationList;
			buildConfigurations = (
				5307BA821C4D697B0026910C /* Debug */,
				5307BA831C4D697B0026910C /* Release */,
			);
			defaultConfigurationIsVisible = 0;
		};
/* End XCConfigurationList section */
	};
	rootObject = 5307BA541C4D697B0026910C /* Project object */;
}
